
Microsoft Visual Studio Solution File, Format Version 12.00
# Visual Studio Version 17
VisualStudioVersion = 17.10.35122.118
MinimumVisualStudioVersion = 10.0.40219.1
Project("{FAE04EC0-301F-11D3-BF4B-00C04F79EFBC}") = "17_PredicatesAndLambdas", "17_PredicatesAndLambdas\17_PredicatesAndLambdas.csproj", "{C57D4633-D9F9-412E-BF3F-ED06AA319EF9}"
EndProject
Global
	GlobalSection(SolutionConfigurationPlatforms) = preSolution
		Debug|Any CPU = Debug|Any CPU
		Release|Any CPU = Release|Any CPU
	EndGlobalSection
	GlobalSection(ProjectConfigurationPlatforms) = postSolution
		{C57D4633-D9F9-412E-BF3F-ED06AA319EF9}.Debug|Any CPU.ActiveCfg = Debug|Any CPU
		{C57D4633-D9F9-412E-BF3F-ED06AA319EF9}.Debug|Any CPU.Build.0 = Debug|Any CPU
		{C57D4633-D9F9-412E-BF3F-ED06AA319EF9}.Release|Any CPU.ActiveCfg = Release|Any CPU
		{C57D4633-D9F9-412E-BF3F-ED06AA319EF9}.Release|Any CPU.Build.0 = Release|Any CPU
	EndGlobalSection
	GlobalSection(SolutionProperties) = preSolution
		HideSolutionNode = FALSE
	EndGlobalSection
	GlobalSection(ExtensibilityGlobals) = postSolution
		SolutionGuid = {2AF186CE-4893-4E01-83BC-57C5E88D6822}
	EndGlobalSection
EndGlobal
