
Microsoft Visual Studio Solution File, Format Version 12.00
# Visual Studio Version 17
VisualStudioVersion = 17.10.35122.118
MinimumVisualStudioVersion = 10.0.40219.1
Project("{FAE04EC0-301F-11D3-BF4B-00C04F79EFBC}") = "32_MathClass", "32_MathClass\32_MathClass.csproj", "{37DC2439-7E32-4771-A44E-6F5DB105B1BC}"
EndProject
Global
	GlobalSection(SolutionConfigurationPlatforms) = preSolution
		Debug|Any CPU = Debug|Any CPU
		Release|Any CPU = Release|Any CPU
	EndGlobalSection
	GlobalSection(ProjectConfigurationPlatforms) = postSolution
		{37DC2439-7E32-4771-A44E-6F5DB105B1BC}.Debug|Any CPU.ActiveCfg = Debug|Any CPU
		{37DC2439-7E32-4771-A44E-6F5DB105B1BC}.Debug|Any CPU.Build.0 = Debug|Any CPU
		{37DC2439-7E32-4771-A44E-6F5DB105B1BC}.Release|Any CPU.ActiveCfg = Release|Any CPU
		{37DC2439-7E32-4771-A44E-6F5DB105B1BC}.Release|Any CPU.Build.0 = Release|Any CPU
	EndGlobalSection
	GlobalSection(SolutionProperties) = preSolution
		HideSolutionNode = FALSE
	EndGlobalSection
	GlobalSection(ExtensibilityGlobals) = postSolution
		SolutionGuid = {C81655AE-3596-4880-A657-31196072E866}
	EndGlobalSection
EndGlobal
