
Microsoft Visual Studio Solution File, Format Version 12.00
# Visual Studio Version 17
VisualStudioVersion = 17.10.35122.118
MinimumVisualStudioVersion = 10.0.40219.1
Project("{FAE04EC0-301F-11D3-BF4B-00C04F79EFBC}") = "29_Structs", "29_Structs\29_Structs.csproj", "{850C321F-120A-492E-A05B-F85139CFFA93}"
EndProject
Global
	GlobalSection(SolutionConfigurationPlatforms) = preSolution
		Debug|Any CPU = Debug|Any CPU
		Release|Any CPU = Release|Any CPU
	EndGlobalSection
	GlobalSection(ProjectConfigurationPlatforms) = postSolution
		{850C321F-120A-492E-A05B-F85139CFFA93}.Debug|Any CPU.ActiveCfg = Debug|Any CPU
		{850C321F-120A-492E-A05B-F85139CFFA93}.Debug|Any CPU.Build.0 = Debug|Any CPU
		{850C321F-120A-492E-A05B-F85139CFFA93}.Release|Any CPU.ActiveCfg = Release|Any CPU
		{850C321F-120A-492E-A05B-F85139CFFA93}.Release|Any CPU.Build.0 = Release|Any CPU
	EndGlobalSection
	GlobalSection(SolutionProperties) = preSolution
		HideSolutionNode = FALSE
	EndGlobalSection
	GlobalSection(ExtensibilityGlobals) = postSolution
		SolutionGuid = {72D7DBFB-4103-449A-A254-40C88B3F08B1}
	EndGlobalSection
EndGlobal
