
Microsoft Visual Studio Solution File, Format Version 12.00
# Visual Studio Version 17
VisualStudioVersion = 17.10.35122.118
MinimumVisualStudioVersion = 10.0.40219.1
Project("{FAE04EC0-301F-11D3-BF4B-00C04F79EFBC}") = "45_LoginManagement", "45_LoginManagement\45_LoginManagement.csproj", "{911F9359-7F8C-4CB4-8486-D02C6F3DB8EE}"
EndProject
Global
	GlobalSection(SolutionConfigurationPlatforms) = preSolution
		Debug|Any CPU = Debug|Any CPU
		Release|Any CPU = Release|Any CPU
	EndGlobalSection
	GlobalSection(ProjectConfigurationPlatforms) = postSolution
		{911F9359-7F8C-4CB4-8486-D02C6F3DB8EE}.Debug|Any CPU.ActiveCfg = Debug|Any CPU
		{911F9359-7F8C-4CB4-8486-D02C6F3DB8EE}.Debug|Any CPU.Build.0 = Debug|Any CPU
		{911F9359-7F8C-4CB4-8486-D02C6F3DB8EE}.Release|Any CPU.ActiveCfg = Release|Any CPU
		{911F9359-7F8C-4CB4-8486-D02C6F3DB8EE}.Release|Any CPU.Build.0 = Release|Any CPU
	EndGlobalSection
	GlobalSection(SolutionProperties) = preSolution
		HideSolutionNode = FALSE
	EndGlobalSection
	GlobalSection(ExtensibilityGlobals) = postSolution
		SolutionGuid = {5F1660E2-CB24-4BE9-B2B9-14648BC7AD58}
	EndGlobalSection
EndGlobal
