
Microsoft Visual Studio Solution File, Format Version 12.00
# Visual Studio Version 17
VisualStudioVersion = 17.10.35122.118
MinimumVisualStudioVersion = 10.0.40219.1
Project("{FAE04EC0-301F-11D3-BF4B-00C04F79EFBC}") = "20_TryCatch", "20_TryCatch\20_TryCatch.csproj", "{ACB0FEBF-CF78-4406-884A-C387CBCDF411}"
EndProject
Global
	GlobalSection(SolutionConfigurationPlatforms) = preSolution
		Debug|Any CPU = Debug|Any CPU
		Release|Any CPU = Release|Any CPU
	EndGlobalSection
	GlobalSection(ProjectConfigurationPlatforms) = postSolution
		{ACB0FEBF-CF78-4406-884A-C387CBCDF411}.Debug|Any CPU.ActiveCfg = Debug|Any CPU
		{ACB0FEBF-CF78-4406-884A-C387CBCDF411}.Debug|Any CPU.Build.0 = Debug|Any CPU
		{ACB0FEBF-CF78-4406-884A-C387CBCDF411}.Release|Any CPU.ActiveCfg = Release|Any CPU
		{ACB0FEBF-CF78-4406-884A-C387CBCDF411}.Release|Any CPU.Build.0 = Release|Any CPU
	EndGlobalSection
	GlobalSection(SolutionProperties) = preSolution
		HideSolutionNode = FALSE
	EndGlobalSection
	GlobalSection(ExtensibilityGlobals) = postSolution
		SolutionGuid = {7292621B-4273-49E1-9A53-CADDC8B2A1ED}
	EndGlobalSection
EndGlobal
