
Microsoft Visual Studio Solution File, Format Version 12.00
# Visual Studio Version 17
VisualStudioVersion = 17.10.35122.118
MinimumVisualStudioVersion = 10.0.40219.1
Project("{FAE04EC0-301F-11D3-BF4B-00C04F79EFBC}") = "33_MathDateTimeExercise", "33_MathDateTimeExercise\33_MathDateTimeExercise.csproj", "{80204183-6D45-40E7-9DF9-8B8F869F4E13}"
EndProject
Global
	GlobalSection(SolutionConfigurationPlatforms) = preSolution
		Debug|Any CPU = Debug|Any CPU
		Release|Any CPU = Release|Any CPU
	EndGlobalSection
	GlobalSection(ProjectConfigurationPlatforms) = postSolution
		{80204183-6D45-40E7-9DF9-8B8F869F4E13}.Debug|Any CPU.ActiveCfg = Debug|Any CPU
		{80204183-6D45-40E7-9DF9-8B8F869F4E13}.Debug|Any CPU.Build.0 = Debug|Any CPU
		{80204183-6D45-40E7-9DF9-8B8F869F4E13}.Release|Any CPU.ActiveCfg = Release|Any CPU
		{80204183-6D45-40E7-9DF9-8B8F869F4E13}.Release|Any CPU.Build.0 = Release|Any CPU
	EndGlobalSection
	GlobalSection(SolutionProperties) = preSolution
		HideSolutionNode = FALSE
	EndGlobalSection
	GlobalSection(ExtensibilityGlobals) = postSolution
		SolutionGuid = {501C2F96-DF5C-42FC-BA6A-E84A95B4A01E}
	EndGlobalSection
EndGlobal
