
Microsoft Visual Studio Solution File, Format Version 12.00
# Visual Studio Version 17
VisualStudioVersion = 17.10.35122.118
MinimumVisualStudioVersion = 10.0.40219.1
Project("{FAE04EC0-301F-11D3-BF4B-00C04F79EFBC}") = "11_methods_and_functions", "11_methods_and_functions\11_methods_and_functions.csproj", "{F8970469-DB9F-454F-BD02-4D1222ECE6B9}"
EndProject
Global
	GlobalSection(SolutionConfigurationPlatforms) = preSolution
		Debug|Any CPU = Debug|Any CPU
		Release|Any CPU = Release|Any CPU
	EndGlobalSection
	GlobalSection(ProjectConfigurationPlatforms) = postSolution
		{F8970469-DB9F-454F-BD02-4D1222ECE6B9}.Debug|Any CPU.ActiveCfg = Debug|Any CPU
		{F8970469-DB9F-454F-BD02-4D1222ECE6B9}.Debug|Any CPU.Build.0 = Debug|Any CPU
		{F8970469-DB9F-454F-BD02-4D1222ECE6B9}.Release|Any CPU.ActiveCfg = Release|Any CPU
		{F8970469-DB9F-454F-BD02-4D1222ECE6B9}.Release|Any CPU.Build.0 = Release|Any CPU
	EndGlobalSection
	GlobalSection(SolutionProperties) = preSolution
		HideSolutionNode = FALSE
	EndGlobalSection
	GlobalSection(ExtensibilityGlobals) = postSolution
		SolutionGuid = {25707A46-FDEB-458F-A7FC-DF2FD5439569}
	EndGlobalSection
EndGlobal
