
Microsoft Visual Studio Solution File, Format Version 12.00
# Visual Studio Version 17
VisualStudioVersion = 17.10.35122.118
MinimumVisualStudioVersion = 10.0.40219.1
Project("{FAE04EC0-301F-11D3-BF4B-00C04F79EFBC}") = "23_Intarfaces", "23_Intarfaces\23_Intarfaces.csproj", "{5966F7AA-7825-4F74-8BCE-E6095A98F4B1}"
EndProject
Global
	GlobalSection(SolutionConfigurationPlatforms) = preSolution
		Debug|Any CPU = Debug|Any CPU
		Release|Any CPU = Release|Any CPU
	EndGlobalSection
	GlobalSection(ProjectConfigurationPlatforms) = postSolution
		{5966F7AA-7825-4F74-8BCE-E6095A98F4B1}.Debug|Any CPU.ActiveCfg = Debug|Any CPU
		{5966F7AA-7825-4F74-8BCE-E6095A98F4B1}.Debug|Any CPU.Build.0 = Debug|Any CPU
		{5966F7AA-7825-4F74-8BCE-E6095A98F4B1}.Release|Any CPU.ActiveCfg = Release|Any CPU
		{5966F7AA-7825-4F74-8BCE-E6095A98F4B1}.Release|Any CPU.Build.0 = Release|Any CPU
	EndGlobalSection
	GlobalSection(SolutionProperties) = preSolution
		HideSolutionNode = FALSE
	EndGlobalSection
	GlobalSection(ExtensibilityGlobals) = postSolution
		SolutionGuid = {89ACCE2C-125B-499D-A6CC-16DDCFCD18AE}
	EndGlobalSection
EndGlobal
