
Microsoft Visual Studio Solution File, Format Version 12.00
# Visual Studio Version 17
VisualStudioVersion = 17.5.33530.505
MinimumVisualStudioVersion = 10.0.40219.1
Project("{FAE04EC0-301F-11D3-BF4B-00C04F79EFBC}") = "WPFDemo", "WPFDemo\WPFDemo.csproj", "{69101245-9EDD-492D-B90C-C27E1BFFAFAE}"
EndProject
Global
	GlobalSection(SolutionConfigurationPlatforms) = preSolution
		Debug|Any CPU = Debug|Any CPU
		Release|Any CPU = Release|Any CPU
	EndGlobalSection
	GlobalSection(ProjectConfigurationPlatforms) = postSolution
		{69101245-9EDD-492D-B90C-C27E1BFFAFAE}.Debug|Any CPU.ActiveCfg = Debug|Any CPU
		{69101245-9EDD-492D-B90C-C27E1BFFAFAE}.Debug|Any CPU.Build.0 = Debug|Any CPU
		{69101245-9EDD-492D-B90C-C27E1BFFAFAE}.Release|Any CPU.ActiveCfg = Release|Any CPU
		{69101245-9EDD-492D-B90C-C27E1BFFAFAE}.Release|Any CPU.Build.0 = Release|Any CPU
	EndGlobalSection
	GlobalSection(SolutionProperties) = preSolution
		HideSolutionNode = FALSE
	EndGlobalSection
	GlobalSection(ExtensibilityGlobals) = postSolution
		SolutionGuid = {DA35191E-FE99-4F07-AA80-F1E585B8451C}
	EndGlobalSection
EndGlobal
