
Microsoft Visual Studio Solution File, Format Version 12.00
# Visual Studio Version 17
VisualStudioVersion = 17.10.35122.118
MinimumVisualStudioVersion = 10.0.40219.1
Project("{FAE04EC0-301F-11D3-BF4B-00C04F79EFBC}") = "16_Lists", "16_Lists\16_Lists.csproj", "{57B88672-C50D-4EDE-BEC3-68A9B6AD49F3}"
EndProject
Global
	GlobalSection(SolutionConfigurationPlatforms) = preSolution
		Debug|Any CPU = Debug|Any CPU
		Release|Any CPU = Release|Any CPU
	EndGlobalSection
	GlobalSection(ProjectConfigurationPlatforms) = postSolution
		{57B88672-C50D-4EDE-BEC3-68A9B6AD49F3}.Debug|Any CPU.ActiveCfg = Debug|Any CPU
		{57B88672-C50D-4EDE-BEC3-68A9B6AD49F3}.Debug|Any CPU.Build.0 = Debug|Any CPU
		{57B88672-C50D-4EDE-BEC3-68A9B6AD49F3}.Release|Any CPU.ActiveCfg = Release|Any CPU
		{57B88672-C50D-4EDE-BEC3-68A9B6AD49F3}.Release|Any CPU.Build.0 = Release|Any CPU
	EndGlobalSection
	GlobalSection(SolutionProperties) = preSolution
		HideSolutionNode = FALSE
	EndGlobalSection
	GlobalSection(ExtensibilityGlobals) = postSolution
		SolutionGuid = {C8ED6D6F-487F-416A-9113-3C2039290138}
	EndGlobalSection
EndGlobal
