
Microsoft Visual Studio Solution File, Format Version 12.00
# Visual Studio Version 17
VisualStudioVersion = 17.10.35122.118
MinimumVisualStudioVersion = 10.0.40219.1
Project("{FAE04EC0-301F-11D3-BF4B-00C04F79EFBC}") = "Quiz", "Quiz\Quiz.csproj", "{BDF975FA-87F5-4E61-9C42-27820D3CB218}"
EndProject
Global
	GlobalSection(SolutionConfigurationPlatforms) = preSolution
		Debug|Any CPU = Debug|Any CPU
		Release|Any CPU = Release|Any CPU
	EndGlobalSection
	GlobalSection(ProjectConfigurationPlatforms) = postSolution
		{BDF975FA-87F5-4E61-9C42-27820D3CB218}.Debug|Any CPU.ActiveCfg = Debug|Any CPU
		{BDF975FA-87F5-4E61-9C42-27820D3CB218}.Debug|Any CPU.Build.0 = Debug|Any CPU
		{BDF975FA-87F5-4E61-9C42-27820D3CB218}.Release|Any CPU.ActiveCfg = Release|Any CPU
		{BDF975FA-87F5-4E61-9C42-27820D3CB218}.Release|Any CPU.Build.0 = Release|Any CPU
	EndGlobalSection
	GlobalSection(SolutionProperties) = preSolution
		HideSolutionNode = FALSE
	EndGlobalSection
	GlobalSection(ExtensibilityGlobals) = postSolution
		SolutionGuid = {00E2172D-19F0-4EE1-8EE3-B0D4BD5F5BAF}
	EndGlobalSection
EndGlobal
