
Microsoft Visual Studio Solution File, Format Version 12.00
# Visual Studio Version 17
VisualStudioVersion = 17.10.35122.118
MinimumVisualStudioVersion = 10.0.40219.1
Project("{FAE04EC0-301F-11D3-BF4B-00C04F79EFBC}") = "09_Array", "09_Array\09_Array.csproj", "{59F2C33F-AC87-48C0-A0CF-A523A575B496}"
EndProject
Global
	GlobalSection(SolutionConfigurationPlatforms) = preSolution
		Debug|Any CPU = Debug|Any CPU
		Release|Any CPU = Release|Any CPU
	EndGlobalSection
	GlobalSection(ProjectConfigurationPlatforms) = postSolution
		{59F2C33F-AC87-48C0-A0CF-A523A575B496}.Debug|Any CPU.ActiveCfg = Debug|Any CPU
		{59F2C33F-AC87-48C0-A0CF-A523A575B496}.Debug|Any CPU.Build.0 = Debug|Any CPU
		{59F2C33F-AC87-48C0-A0CF-A523A575B496}.Release|Any CPU.ActiveCfg = Release|Any CPU
		{59F2C33F-AC87-48C0-A0CF-A523A575B496}.Release|Any CPU.Build.0 = Release|Any CPU
	EndGlobalSection
	GlobalSection(SolutionProperties) = preSolution
		HideSolutionNode = FALSE
	EndGlobalSection
	GlobalSection(ExtensibilityGlobals) = postSolution
		SolutionGuid = {D9DDFF03-006B-4C7C-8E5A-F936DA16763C}
	EndGlobalSection
EndGlobal
