
Microsoft Visual Studio Solution File, Format Version 12.00
# Visual Studio Version 17
VisualStudioVersion = 17.9.34728.123
MinimumVisualStudioVersion = 10.0.40219.1
Project("{FAE04EC0-301F-11D3-BF4B-00C04F79EFBC}") = "LoopsBasics", "LoopsBasics\LoopsBasics.csproj", "{5C28B887-6D1D-4F3F-A759-A2CCFE8956A8}"
EndProject
Global
	GlobalSection(SolutionConfigurationPlatforms) = preSolution
		Debug|Any CPU = Debug|Any CPU
		Release|Any CPU = Release|Any CPU
	EndGlobalSection
	GlobalSection(ProjectConfigurationPlatforms) = postSolution
		{5C28B887-6D1D-4F3F-A759-A2CCFE8956A8}.Debug|Any CPU.ActiveCfg = Debug|Any CPU
		{5C28B887-6D1D-4F3F-A759-A2CCFE8956A8}.Debug|Any CPU.Build.0 = Debug|Any CPU
		{5C28B887-6D1D-4F3F-A759-A2CCFE8956A8}.Release|Any CPU.ActiveCfg = Release|Any CPU
		{5C28B887-6D1D-4F3F-A759-A2CCFE8956A8}.Release|Any CPU.Build.0 = Release|Any CPU
	EndGlobalSection
	GlobalSection(SolutionProperties) = preSolution
		HideSolutionNode = FALSE
	EndGlobalSection
	GlobalSection(ExtensibilityGlobals) = postSolution
		SolutionGuid = {580DDB4C-431F-437F-9120-3AA2652478AA}
	EndGlobalSection
EndGlobal
